# THIS IS AN AUTOGENERATED FILE. DO NOT EDIT THIS FILE DIRECTLY.
# yarn lockfile v1


"@types/angular-material@1.1.59":
  version "1.1.59"
  resolved "https://registry.yarnpkg.com/@types/angular-material/-/angular-material-1.1.59.tgz#131215e540dd9c23294ae036801d9eaa6405db05"
  dependencies:
    "@types/angular" "*"

"@types/angular@*", "@types/angular@^1.6.34", "@types/angular@^1.6.39", "@types/angular@^1.6.51":
  version "1.6.51"
  resolved "https://registry.yarnpkg.com/@types/angular/-/angular-1.6.51.tgz#a67515b0ba6a2ff68894a39405c1343cbf9c36d4"

"@types/lodash.frompairs@^4.0.3":
  version "4.0.4"
  resolved "https://registry.yarnpkg.com/@types/lodash.frompairs/-/lodash.frompairs-4.0.4.tgz#d4448869b4ea75b706bbc29d82072586905344e9"
  dependencies:
    "@types/lodash" "*"

"@types/lodash@*", "@types/lodash@^4.14.85":
  version "4.14.116"
  resolved "https://registry.yarnpkg.com/@types/lodash/-/lodash-4.14.116.tgz#5ccf215653e3e8c786a58390751033a9adca0eb9"

"@types/node@*":
  version "10.11.4"
  resolved "https://registry.yarnpkg.com/@types/node/-/node-10.11.4.tgz#e8bd933c3f78795d580ae41d86590bfc1f4f389d"

"@types/prop-types@*":
  version "15.5.6"
  resolved "https://registry.yarnpkg.com/@types/prop-types/-/prop-types-15.5.6.tgz#9c03d3fed70a8d517c191b7734da2879b50ca26c"

"@types/react-dom@^16.0.8":
  version "16.0.8"
  resolved "https://registry.yarnpkg.com/@types/react-dom/-/react-dom-16.0.8.tgz#6e1366ed629cadf55860cbfcc25db533f5d2fa7d"
  dependencies:
    "@types/node" "*"
    "@types/react" "*"

"@types/react@*", "@types/react@^16.4.14":
  version "16.4.14"
  resolved "https://registry.yarnpkg.com/@types/react/-/react-16.4.14.tgz#47c604c8e46ed674bbdf4aabf82b34b9041c6a04"
  dependencies:
    "@types/prop-types" "*"
    csstype "^2.2.0"

accepts@~1.3.4:
  version "1.3.5"
  resolved "https://registry.yarnpkg.com/accepts/-/accepts-1.3.5.tgz#eb777df6011723a3b14e8a72c0805c8e86746bd2"
  dependencies:
    mime-types "~2.1.18"
    negotiator "0.6.1"

ambi@~2.0.0:
  version "2.0.0"
  resolved "http://registry.npmjs.org/ambi/-/ambi-2.0.0.tgz#42c2bf98e8d101aa4da28a812678a5dbe36ada66"
  dependencies:
    typechecker "~2.0.1"

angular-animate@^1.7.4:
  version "1.7.4"
  resolved "https://registry.yarnpkg.com/angular-animate/-/angular-animate-1.7.4.tgz#14cee98e6aebab27642391c94c872009f2e3cd62"

angular-aria@^1.7.4:
  version "1.7.4"
  resolved "https://registry.yarnpkg.com/angular-aria/-/angular-aria-1.7.4.tgz#0774cefa3a3e1bf0bf7aba5253e3bb9ca209f216"

angular-material@^1.1.10:
  version "1.1.10"
  resolved "https://registry.yarnpkg.com/angular-material/-/angular-material-1.1.10.tgz#fb93ba84f2734146cb9ca8ebf65bdc163d9f8471"

angular-messages@^1.7.4:
  version "1.7.4"
  resolved "https://registry.yarnpkg.com/angular-messages/-/angular-messages-1.7.4.tgz#845c3e3dce80ca698ba62bcf70105ab76cfdbb50"

angular-resource@^1.7.4:
  version "1.7.4"
  resolved "https://registry.yarnpkg.com/angular-resource/-/angular-resource-1.7.4.tgz#d423e2427c0b31c4d91c3780affc86446dd446f9"

angular-sanitize@^1.7.4:
  version "1.7.4"
  resolved "https://registry.yarnpkg.com/angular-sanitize/-/angular-sanitize-1.7.4.tgz#c7d80176ed31507fd0e08bbb3a6c25bf09db2a61"

angular2react@^3.0.2:
  version "3.0.2"
  resolved "https://registry.yarnpkg.com/angular2react/-/angular2react-3.0.2.tgz#1249e21446975dc82c0e4da8ed09c0cd45810a25"
  dependencies:
    lodash.kebabcase "^4.1.1"
    ngimport "^1.0.0"

angular@>=1.5, angular@>=1.5.0, angular@^1.7.4:
  version "1.7.4"
  resolved "https://registry.yarnpkg.com/angular/-/angular-1.7.4.tgz#c1bf4884c2d470c06907737a1bf0835a9f646f31"

bal-util@~1.18.0:
  version "1.18.0"
  resolved "https://registry.yarnpkg.com/bal-util/-/bal-util-1.18.0.tgz#4e2e2d90816d1a6b7e37174020042a2ce258421d"
  dependencies:
    ambi "~2.0.0"
    eachr "~2.0.2"
    extendr "~2.0.1"
    getsetdeep "~2.0.0"
    safecallback "~1.0.1"
    safefs "~2.0.3"
    taskgroup "~2.0.0"
    typechecker "~2.0.1"

basic-auth@~2.0.0:
  version "2.0.1"
  resolved "https://registry.yarnpkg.com/basic-auth/-/basic-auth-2.0.1.tgz#b998279bf47ce38344b4f3cf916d4679bbf51e3a"
  dependencies:
    safe-buffer "5.1.2"

batch@0.6.1:
  version "0.6.1"
  resolved "https://registry.yarnpkg.com/batch/-/batch-0.6.1.tgz#dc34314f4e679318093fc760272525f94bf25c16"

colors@latest:
  version "1.3.2"
  resolved "https://registry.yarnpkg.com/colors/-/colors-1.3.2.tgz#2df8ff573dfbf255af562f8ce7181d6b971a359b"

connect@3.4.x:
  version "3.4.1"
  resolved "https://registry.yarnpkg.com/connect/-/connect-3.4.1.tgz#a21361d3f4099ef761cda6dc4a973bb1ebb0a34d"
  dependencies:
    debug "~2.2.0"
    finalhandler "0.4.1"
    parseurl "~1.3.1"
    utils-merge "1.0.0"

csstype@^2.2.0:
  version "2.5.7"
  resolved "https://registry.yarnpkg.com/csstype/-/csstype-2.5.7.tgz#bf9235d5872141eccfb2d16d82993c6b149179ff"

debug@2.6.9:
  version "2.6.9"
  resolved "https://registry.yarnpkg.com/debug/-/debug-2.6.9.tgz#5d128515df134ff327e90a4c93f4e077a536341f"
  dependencies:
    ms "2.0.0"

debug@~2.2.0:
  version "2.2.0"
  resolved "http://registry.npmjs.org/debug/-/debug-2.2.0.tgz#f87057e995b1a1f6ae6a4960664137bc56f039da"
  dependencies:
    ms "0.7.1"

depd@~1.1.2:
  version "1.1.2"
  resolved "https://registry.yarnpkg.com/depd/-/depd-1.1.2.tgz#9bcd52e14c097763e749b274c4346ed2e560b5a9"

destroy@~1.0.4:
  version "1.0.4"
  resolved "https://registry.yarnpkg.com/destroy/-/destroy-1.0.4.tgz#978857442c44749e4206613e37946205826abd80"

duplexer@^0.1.1, duplexer@~0.1.1:
  version "0.1.1"
  resolved "http://registry.npmjs.org/duplexer/-/duplexer-0.1.1.tgz#ace6ff808c1ce66b57d1ebf97977acb02334cfc1"

eachr@~2.0.2:
  version "2.0.4"
  resolved "https://registry.yarnpkg.com/eachr/-/eachr-2.0.4.tgz#466f7caa10708f610509e32c807aafe57fc122bf"
  dependencies:
    typechecker "^2.0.8"

ee-first@1.1.1:
  version "1.1.1"
  resolved "https://registry.yarnpkg.com/ee-first/-/ee-first-1.1.1.tgz#590c61156b0ae2f4f0255732a158b266bc56b21d"

encodeurl@~1.0.2:
  version "1.0.2"
  resolved "https://registry.yarnpkg.com/encodeurl/-/encodeurl-1.0.2.tgz#ad3ff4c86ec2d029322f5a02c3a9a606c95b3f59"

escape-html@~1.0.3:
  version "1.0.3"
  resolved "https://registry.yarnpkg.com/escape-html/-/escape-html-1.0.3.tgz#0258eae4d3d0c0974de1c169188ef0051d1d1988"

etag@~1.8.1:
  version "1.8.1"
  resolved "https://registry.yarnpkg.com/etag/-/etag-1.8.1.tgz#41ae2eeb65efa62268aebfea83ac7d79299b0887"

event-stream@latest:
  version "4.0.1"
  resolved "https://registry.yarnpkg.com/event-stream/-/event-stream-4.0.1.tgz#4092808ec995d0dd75ea4580c1df6a74db2cde65"
  dependencies:
    duplexer "^0.1.1"
    from "^0.1.7"
    map-stream "0.0.7"
    pause-stream "^0.0.11"
    split "^1.0.1"
    stream-combiner "^0.2.2"
    through "^2.3.8"

extendr@~2.0.1:
  version "2.0.1"
  resolved "https://registry.yarnpkg.com/extendr/-/extendr-2.0.1.tgz#d8ab375fcbb833e4ba2cd228540f04e4aa07de90"
  dependencies:
    typechecker "~2.0.1"

faye-websocket@0.10.x:
  version "0.10.0"
  resolved "https://registry.yarnpkg.com/faye-websocket/-/faye-websocket-0.10.0.tgz#4e492f8d04dfb6f89003507f6edbf2d501e7c6f4"
  dependencies:
    websocket-driver ">=0.5.1"

finalhandler@0.4.1:
  version "0.4.1"
  resolved "http://registry.npmjs.org/finalhandler/-/finalhandler-0.4.1.tgz#85a17c6c59a94717d262d61230d4b0ebe3d4a14d"
  dependencies:
    debug "~2.2.0"
    escape-html "~1.0.3"
    on-finished "~2.3.0"
    unpipe "~1.0.0"

fresh@0.5.2:
  version "0.5.2"
  resolved "https://registry.yarnpkg.com/fresh/-/fresh-0.5.2.tgz#3d8cadd90d976569fa835ab1f8e4b23a105605a7"

from@^0.1.7:
  version "0.1.7"
  resolved "https://registry.yarnpkg.com/from/-/from-0.1.7.tgz#83c60afc58b9c56997007ed1a768b3ab303a44fe"

getsetdeep@~2.0.0:
  version "2.0.0"
  resolved "https://registry.yarnpkg.com/getsetdeep/-/getsetdeep-2.0.0.tgz#f13384fe656d0a3f41c214cbdf31001a57c12492"
  dependencies:
    typechecker "~2.0.1"

http-errors@~1.6.2:
  version "1.6.3"
  resolved "http://registry.npmjs.org/http-errors/-/http-errors-1.6.3.tgz#8b55680bb4be283a0b5bf4ea2e38580be1d9320d"
  dependencies:
    depd "~1.1.2"
    inherits "2.0.3"
    setprototypeof "1.1.0"
    statuses ">= 1.4.0 < 2"

http-parser-js@>=0.4.0:
  version "0.4.13"
  resolved "https://registry.yarnpkg.com/http-parser-js/-/http-parser-js-0.4.13.tgz#3bd6d6fde6e3172c9334c3b33b6c193d80fe1137"

inherits@2.0.3:
  version "2.0.3"
  resolved "https://registry.yarnpkg.com/inherits/-/inherits-2.0.3.tgz#633c2c83e3da42a502f52466022480f4208261de"

is-wsl@^1.1.0:
  version "1.1.0"
  resolved "https://registry.yarnpkg.com/is-wsl/-/is-wsl-1.1.0.tgz#1f16e4aa22b04d1336b66188a66af3c600c3a66d"

"js-tokens@^3.0.0 || ^4.0.0":
  version "4.0.0"
  resolved "https://registry.yarnpkg.com/js-tokens/-/js-tokens-4.0.0.tgz#19203fb59991df98e3a287050d4647cdeaf32499"

live-server@^0.9.2:
  version "0.9.2"
  resolved "https://registry.yarnpkg.com/live-server/-/live-server-0.9.2.tgz#8bcb58e846331f3f2b6d172f95d4f70a4fcf3760"
  dependencies:
    colors latest
    connect "3.4.x"
    event-stream latest
    faye-websocket "0.10.x"
    morgan "^1.6.1"
    object-assign latest
    opn latest
    send latest
    serve-index "^1.7.2"
    watchr "2.3.x"

lodash.frompairs@^4.0.1:
  version "4.0.1"
  resolved "https://registry.yarnpkg.com/lodash.frompairs/-/lodash.frompairs-4.0.1.tgz#bc4e5207fa2757c136e573614e9664506b2b1bd2"

lodash.kebabcase@^4.1.1:
  version "4.1.1"
  resolved "https://registry.yarnpkg.com/lodash.kebabcase/-/lodash.kebabcase-4.1.1.tgz#8489b1cb0d29ff88195cceca448ff6d6cc295c36"

lodash@^4.17.4:
  version "4.17.11"
  resolved "https://registry.yarnpkg.com/lodash/-/lodash-4.17.11.tgz#b39ea6229ef607ecd89e2c8df12536891cac9b8d"

loose-envify@^1.1.0, loose-envify@^1.3.1:
  version "1.4.0"
  resolved "https://registry.yarnpkg.com/loose-envify/-/loose-envify-1.4.0.tgz#71ee51fa7be4caec1a63839f7e682d8132d30caf"
  dependencies:
    js-tokens "^3.0.0 || ^4.0.0"

map-stream@0.0.7:
  version "0.0.7"
  resolved "https://registry.yarnpkg.com/map-stream/-/map-stream-0.0.7.tgz#8a1f07896d82b10926bd3744a2420009f88974a8"

mime-db@~1.36.0:
  version "1.36.0"
  resolved "https://registry.yarnpkg.com/mime-db/-/mime-db-1.36.0.tgz#5020478db3c7fe93aad7bbcc4dcf869c43363397"

mime-types@~2.1.17, mime-types@~2.1.18:
  version "2.1.20"
  resolved "https://registry.yarnpkg.com/mime-types/-/mime-types-2.1.20.tgz#930cb719d571e903738520f8470911548ca2cc19"
  dependencies:
    mime-db "~1.36.0"

mime@1.4.1:
  version "1.4.1"
  resolved "https://registry.yarnpkg.com/mime/-/mime-1.4.1.tgz#121f9ebc49e3766f311a76e1fa1c8003c4b03aa6"

morgan@^1.6.1:
  version "1.9.1"
  resolved "https://registry.yarnpkg.com/morgan/-/morgan-1.9.1.tgz#0a8d16734a1d9afbc824b99df87e738e58e2da59"
  dependencies:
    basic-auth "~2.0.0"
    debug "2.6.9"
    depd "~1.1.2"
    on-finished "~2.3.0"
    on-headers "~1.0.1"

ms@0.7.1:
  version "0.7.1"
  resolved "https://registry.yarnpkg.com/ms/-/ms-0.7.1.tgz#9cd13c03adbff25b65effde7ce864ee952017098"

ms@2.0.0:
  version "2.0.0"
  resolved "https://registry.yarnpkg.com/ms/-/ms-2.0.0.tgz#5608aeadfc00be6c2901df5f9861788de0d597c8"

negotiator@0.6.1:
  version "0.6.1"
  resolved "https://registry.yarnpkg.com/negotiator/-/negotiator-0.6.1.tgz#2b327184e8992101177b28563fb5e7102acd0ca9"

ngcomponent@^4.1.0:
  version "4.1.0"
  resolved "https://registry.yarnpkg.com/ngcomponent/-/ngcomponent-4.1.0.tgz#793e379138f552ea0cd2c767ad0aa7057678e228"
  dependencies:
    "@types/angular" "^1.6.39"
    "@types/lodash" "^4.14.85"
    angular ">=1.5.0"
    lodash "^4.17.4"

ngimport@^1.0.0:
  version "1.0.0"
  resolved "https://registry.yarnpkg.com/ngimport/-/ngimport-1.0.0.tgz#2c3be7ede69599a0c79af3aec8d6413bf20f4ff1"
  dependencies:
    "@types/angular" "^1.6.34"

ngreact@^0.5.1:
  version "0.5.1"
  resolved "https://registry.yarnpkg.com/ngreact/-/ngreact-0.5.1.tgz#2dcccc1541771796689d13e51bb8d5010af41c57"

object-assign@^4.1.1, object-assign@latest:
  version "4.1.1"
  resolved "https://registry.yarnpkg.com/object-assign/-/object-assign-4.1.1.tgz#2109adc7965887cfc05cbbd442cac8bfbb360863"

on-finished@~2.3.0:
  version "2.3.0"
  resolved "https://registry.yarnpkg.com/on-finished/-/on-finished-2.3.0.tgz#20f1336481b083cd75337992a16971aa2d906947"
  dependencies:
    ee-first "1.1.1"

on-headers@~1.0.1:
  version "1.0.1"
  resolved "https://registry.yarnpkg.com/on-headers/-/on-headers-1.0.1.tgz#928f5d0f470d49342651ea6794b0857c100693f7"

opn@latest:
  version "5.4.0"
  resolved "https://registry.yarnpkg.com/opn/-/opn-5.4.0.tgz#cb545e7aab78562beb11aa3bfabc7042e1761035"
  dependencies:
    is-wsl "^1.1.0"

parseurl@~1.3.1, parseurl@~1.3.2:
  version "1.3.2"
  resolved "https://registry.yarnpkg.com/parseurl/-/parseurl-1.3.2.tgz#fc289d4ed8993119460c156253262cdc8de65bf3"

pause-stream@^0.0.11:
  version "0.0.11"
  resolved "http://registry.npmjs.org/pause-stream/-/pause-stream-0.0.11.tgz#fe5a34b0cbce12b5aa6a2b403ee2e73b602f1445"
  dependencies:
    through "~2.3"

prop-types@^15.6.2:
  version "15.6.2"
  resolved "https://registry.yarnpkg.com/prop-types/-/prop-types-15.6.2.tgz#05d5ca77b4453e985d60fc7ff8c859094a497102"
  dependencies:
    loose-envify "^1.3.1"
    object-assign "^4.1.1"

range-parser@~1.2.0:
  version "1.2.0"
  resolved "https://registry.yarnpkg.com/range-parser/-/range-parser-1.2.0.tgz#f49be6b487894ddc40dcc94a322f611092e00d5e"

react-dom@^16.5.2:
  version "16.5.2"
  resolved "https://registry.yarnpkg.com/react-dom/-/react-dom-16.5.2.tgz#b69ee47aa20bab5327b2b9d7c1fe2a30f2cfa9d7"
  dependencies:
    loose-envify "^1.1.0"
    object-assign "^4.1.1"
    prop-types "^15.6.2"
    schedule "^0.5.0"

react2angular@^4.0.4:
  version "4.0.4"
  resolved "https://registry.yarnpkg.com/react2angular/-/react2angular-4.0.4.tgz#501e75a7ca191c4af6f5582513c45a9ee0375602"
  dependencies:
    "@types/lodash.frompairs" "^4.0.3"
    angular ">=1.5"
    lodash.frompairs "^4.0.1"
    ngcomponent "^4.1.0"

react@^16.5.2:
  version "16.5.2"
  resolved "https://registry.yarnpkg.com/react/-/react-16.5.2.tgz#19f6b444ed139baa45609eee6dc3d318b3895d42"
  dependencies:
    loose-envify "^1.1.0"
    object-assign "^4.1.1"
    prop-types "^15.6.2"
    schedule "^0.5.0"

safe-buffer@5.1.2:
  version "5.1.2"
  resolved "https://registry.yarnpkg.com/safe-buffer/-/safe-buffer-5.1.2.tgz#991ec69d296e0313747d59bdfd2b745c35f8828d"

safecallback@~1.0.1:
  version "1.0.1"
  resolved "https://registry.yarnpkg.com/safecallback/-/safecallback-1.0.1.tgz#07c7f12b4a8d9abf1b8fcddba7852eb0b8b6ed41"

safefs@~2.0.3:
  version "2.0.3"
  resolved "https://registry.yarnpkg.com/safefs/-/safefs-2.0.3.tgz#2db2b2de4c4161d6dba6609fee05ecab062c4de5"

schedule@^0.5.0:
  version "0.5.0"
  resolved "https://registry.yarnpkg.com/schedule/-/schedule-0.5.0.tgz#c128fffa0b402488b08b55ae74bb9df55cc29cc8"
  dependencies:
    object-assign "^4.1.1"

send@latest:
  version "0.16.2"
  resolved "https://registry.yarnpkg.com/send/-/send-0.16.2.tgz#6ecca1e0f8c156d141597559848df64730a6bbc1"
  dependencies:
    debug "2.6.9"
    depd "~1.1.2"
    destroy "~1.0.4"
    encodeurl "~1.0.2"
    escape-html "~1.0.3"
    etag "~1.8.1"
    fresh "0.5.2"
    http-errors "~1.6.2"
    mime "1.4.1"
    ms "2.0.0"
    on-finished "~2.3.0"
    range-parser "~1.2.0"
    statuses "~1.4.0"

serve-index@^1.7.2:
  version "1.9.1"
  resolved "https://registry.yarnpkg.com/serve-index/-/serve-index-1.9.1.tgz#d3768d69b1e7d82e5ce050fff5b453bea12a9239"
  dependencies:
    accepts "~1.3.4"
    batch "0.6.1"
    debug "2.6.9"
    escape-html "~1.0.3"
    http-errors "~1.6.2"
    mime-types "~2.1.17"
    parseurl "~1.3.2"

setprototypeof@1.1.0:
  version "1.1.0"
  resolved "https://registry.yarnpkg.com/setprototypeof/-/setprototypeof-1.1.0.tgz#d0bd85536887b6fe7c0d818cb962d9d91c54e656"

split@^1.0.1:
  version "1.0.1"
  resolved "https://registry.yarnpkg.com/split/-/split-1.0.1.tgz#605bd9be303aa59fb35f9229fbea0ddec9ea07d9"
  dependencies:
    through "2"

"statuses@>= 1.4.0 < 2":
  version "1.5.0"
  resolved "https://registry.yarnpkg.com/statuses/-/statuses-1.5.0.tgz#161c7dac177659fd9811f43771fa99381478628c"

statuses@~1.4.0:
  version "1.4.0"
  resolved "https://registry.yarnpkg.com/statuses/-/statuses-1.4.0.tgz#bb73d446da2796106efcc1b601a253d6c46bd087"

stream-combiner@^0.2.2:
  version "0.2.2"
  resolved "http://registry.npmjs.org/stream-combiner/-/stream-combiner-0.2.2.tgz#aec8cbac177b56b6f4fa479ced8c1912cee52858"
  dependencies:
    duplexer "~0.1.1"
    through "~2.3.4"

systemjs@^0.19.0:
  version "0.19.47"
  resolved "https://registry.yarnpkg.com/systemjs/-/systemjs-0.19.47.tgz#c8c93937180f3f5481c769cd2720763fb4a31c6f"
  dependencies:
    when "^3.7.5"

taskgroup@~2.0.0:
  version "2.0.0"
  resolved "https://registry.yarnpkg.com/taskgroup/-/taskgroup-2.0.0.tgz#184944a42b5684aad751189a5263c030f6174446"
  dependencies:
    ambi "~2.0.0"
    typechecker "~2.0.1"

through@2, through@^2.3.8, through@~2.3, through@~2.3.4:
  version "2.3.8"
  resolved "http://registry.npmjs.org/through/-/through-2.3.8.tgz#0dd4c9ffaabc357960b1b724115d7e0e86a2e1f5"

typechecker@^2.0.8:
  version "2.1.0"
  resolved "http://registry.npmjs.org/typechecker/-/typechecker-2.1.0.tgz#d1c2093a54ff8a19f58cff877eeaa54f2242d383"

typechecker@~2.0.1:
  version "2.0.8"
  resolved "http://registry.npmjs.org/typechecker/-/typechecker-2.0.8.tgz#e83da84bb64c584ccb345838576c40b0337db82e"

typescript@^3.1.1:
  version "3.1.1"
  resolved "https://registry.yarnpkg.com/typescript/-/typescript-3.1.1.tgz#3362ba9dd1e482ebb2355b02dfe8bcd19a2c7c96"

unpipe@~1.0.0:
  version "1.0.0"
  resolved "https://registry.yarnpkg.com/unpipe/-/unpipe-1.0.0.tgz#b2bf4ee8514aae6165b4817829d21b2ef49904ec"

utils-merge@1.0.0:
  version "1.0.0"
  resolved "https://registry.yarnpkg.com/utils-merge/-/utils-merge-1.0.0.tgz#0294fb922bb9375153541c4f7096231f287c8af8"

watchr@2.3.x:
  version "2.3.10"
  resolved "https://registry.yarnpkg.com/watchr/-/watchr-2.3.10.tgz#2fe0af537071cae6a776d4523356f8f3a230b7ce"
  dependencies:
    bal-util "~1.18.0"

websocket-driver@>=0.5.1:
  version "0.7.0"
  resolved "https://registry.yarnpkg.com/websocket-driver/-/websocket-driver-0.7.0.tgz#0caf9d2d755d93aee049d4bdd0d3fe2cca2a24eb"
  dependencies:
    http-parser-js ">=0.4.0"
    websocket-extensions ">=0.1.1"

websocket-extensions@>=0.1.1:
  version "0.1.3"
  resolved "https://registry.yarnpkg.com/websocket-extensions/-/websocket-extensions-0.1.3.tgz#5d2ff22977003ec687a4b87073dfbbac146ccf29"

when@^3.7.5:
  version "3.7.8"
  resolved "https://registry.yarnpkg.com/when/-/when-3.7.8.tgz#c7130b6a7ea04693e842cdc9e7a1f2aa39a39f82"
